
Microsoft Visual Studio Solution File, Format Version 12.00
# Visual Studio Version 16
VisualStudioVersion = 16.0.31911.196
MinimumVisualStudioVersion = 10.0.40219.1
Project("{FAE04EC0-301F-11D3-BF4B-00C04F79EFBC}") = "WPF 18", "WPF 18\WPF 18.csproj", "{0045BE3C-83E5-40CF-B6EC-3E4ADBE8D96B}"
EndProject
Global
	GlobalSection(SolutionConfigurationPlatforms) = preSolution
		Debug|Any CPU = Debug|Any CPU
		Release|Any CPU = Release|Any CPU
	EndGlobalSection
	GlobalSection(ProjectConfigurationPlatforms) = postSolution
		{0045BE3C-83E5-40CF-B6EC-3E4ADBE8D96B}.Debug|Any CPU.ActiveCfg = Debug|Any CPU
		{0045BE3C-83E5-40CF-B6EC-3E4ADBE8D96B}.Debug|Any CPU.Build.0 = Debug|Any CPU
		{0045BE3C-83E5-40CF-B6EC-3E4ADBE8D96B}.Release|Any CPU.ActiveCfg = Release|Any CPU
		{0045BE3C-83E5-40CF-B6EC-3E4ADBE8D96B}.Release|Any CPU.Build.0 = Release|Any CPU
	EndGlobalSection
	GlobalSection(SolutionProperties) = preSolution
		HideSolutionNode = FALSE
	EndGlobalSection
	GlobalSection(ExtensibilityGlobals) = postSolution
		SolutionGuid = {BE396FBE-53F7-4AE1-847F-A0BD2ED4E9CE}
	EndGlobalSection
EndGlobal
